
Microsoft Visual Studio Solution File, Format Version 12.00
# Visual Studio Version 17
VisualStudioVersion = 17.4.33213.308
MinimumVisualStudioVersion = 10.0.40219.1
Project("{FAE04EC0-301F-11D3-BF4B-00C04F79EFBC}") = "Deliverable2_ConditionalStatements", "Deliverable2_ConditionalStatements\Deliverable2_ConditionalStatements.csproj", "{A00E14F6-475E-4DDE-B365-7E2A2D295866}"
EndProject
Global
	GlobalSection(SolutionConfigurationPlatforms) = preSolution
		Debug|Any CPU = Debug|Any CPU
		Release|Any CPU = Release|Any CPU
	EndGlobalSection
	GlobalSection(ProjectConfigurationPlatforms) = postSolution
		{A00E14F6-475E-4DDE-B365-7E2A2D295866}.Debug|Any CPU.ActiveCfg = Debug|Any CPU
		{A00E14F6-475E-4DDE-B365-7E2A2D295866}.Debug|Any CPU.Build.0 = Debug|Any CPU
		{A00E14F6-475E-4DDE-B365-7E2A2D295866}.Release|Any CPU.ActiveCfg = Release|Any CPU
		{A00E14F6-475E-4DDE-B365-7E2A2D295866}.Release|Any CPU.Build.0 = Release|Any CPU
	EndGlobalSection
	GlobalSection(SolutionProperties) = preSolution
		HideSolutionNode = FALSE
	EndGlobalSection
	GlobalSection(ExtensibilityGlobals) = postSolution
		SolutionGuid = {41CBFE29-36F2-488E-9E5F-9D3F786BCC89}
	EndGlobalSection
EndGlobal
